// !$*UTF8*$!
{
	archiveVersion = 1;
	classes = {
	};
	objectVersion = 56;
	objects = {

/* Begin PBXBuildFile section */
		2AF8700C3BFA4E4F56762B45 /* VersionComparator.swift in Sources */ = {isa = PBXBuildFile; fileRef = 2CE7B0DE15B82ACECDF5EB63 /* VersionComparator.swift */; };
		2C0BA4D52BA6055E0050C66B /* main.swift in Sources */ = {isa = PBXBuildFile; fileRef = 2C0BA4D42BA6055E0050C66B /* main.swift */; };
		2C0BA4D72BA6055E0050C66B /* ContentView.swift in Sources */ = {isa = PBXBuildFile; fileRef = 2C0BA4D62BA6055E0050C66B /* ContentView.swift */; };
		2C0BA4DB2BA6055F0050C66B /* Assets.xcassets in Resources */ = {isa = PBXBuildFile; fileRef = 2C0BA4DA2BA6055F0050C66B /* Assets.xcassets */; };
		2C0BA4DE2BA6055F0050C66B /* Preview Assets.xcassets in Resources */ = {isa = PBXBuildFile; fileRef = 2C0BA4DD2BA6055F0050C66B /* Preview Assets.xcassets */; };
		2C0BA4EC2BA60E980050C66B /* AppDelegate.swift in Sources */ = {isa = PBXBuildFile; fileRef = 2C0BA4EB2BA60E980050C66B /* AppDelegate.swift */; };
		2C0BA4EE2BA60F690050C66B /* PromptBarPopup.swift in Sources */ = {isa = PBXBuildFile; fileRef = 2C0BA4ED2BA60F690050C66B /* PromptBarPopup.swift */; };
		2C1E816E2BA6751F0047A31C /* ObservableObject.swift in Sources */ = {isa = PBXBuildFile; fileRef = 2C1E816D2BA6751F0047A31C /* ObservableObject.swift */; };
		2C98EFB12D312DDF00F6B4F5 /* Utilities.swift in Sources */ = {isa = PBXBuildFile; fileRef = 2C98EFB02D312DDB00F6B4F5 /* Utilities.swift */; };
		2C98EFB32D312DF300F6B4F5 /* WebViewHelper.swift in Sources */ = {isa = PBXBuildFile; fileRef = 2C98EFB22D312DEF00F6B4F5 /* WebViewHelper.swift */; };
		2C98EFB52D312E0500F6B4F5 /* AboutView.swift in Sources */ = {isa = PBXBuildFile; fileRef = 2C98EFB42D312E0200F6B4F5 /* AboutView.swift */; };
		7B079DCB74527762365792BE /* VersionComparatorTests.swift in Sources */ = {isa = PBXBuildFile; fileRef = CC65A2DC79ACCAF7B8291369 /* VersionComparatorTests.swift */; };
		AA00000300000000000000AB /* HotKey in Frameworks */ = {isa = PBXBuildFile; productRef = AA00002200000000000000AB /* HotKey */; };
		AA10000100000000000000AB /* ChatService.swift in Sources */ = {isa = PBXBuildFile; fileRef = AA10000200000000000000AB /* ChatService.swift */; };
		AA10000300000000000000AB /* ChatStore.swift in Sources */ = {isa = PBXBuildFile; fileRef = AA10000400000000000000AB /* ChatStore.swift */; };
		AA10000500000000000000AB /* SettingsView.swift in Sources */ = {isa = PBXBuildFile; fileRef = AA10000600000000000000AB /* SettingsView.swift */; };
		AA10000700000000000000AB /* QuickAddView.swift in Sources */ = {isa = PBXBuildFile; fileRef = AA10000800000000000000AB /* QuickAddView.swift */; };
		AA10000900000000000000AB /* GlassStyle.swift in Sources */ = {isa = PBXBuildFile; fileRef = AA10000A00000000000000AB /* GlassStyle.swift */; };
		AA10000B00000000000000AB /* UpdateChecker.swift in Sources */ = {isa = PBXBuildFile; fileRef = AA10000C00000000000000AB /* UpdateChecker.swift */; };
		AA10010100000000000000AB /* APIEndpoint.swift in Sources */ = {isa = PBXBuildFile; fileRef = AA10010200000000000000AB /* APIEndpoint.swift */; };
		AA10010300000000000000AB /* Conversation.swift in Sources */ = {isa = PBXBuildFile; fileRef = AA10010400000000000000AB /* Conversation.swift */; };
		AA10010500000000000000AB /* PromptItem.swift in Sources */ = {isa = PBXBuildFile; fileRef = AA10010600000000000000AB /* PromptItem.swift */; };
		AA10010700000000000000AB /* KeychainHelper.swift in Sources */ = {isa = PBXBuildFile; fileRef = AA10010800000000000000AB /* KeychainHelper.swift */; };
		AA10010900000000000000AB /* ChatAPIClient.swift in Sources */ = {isa = PBXBuildFile; fileRef = AA10010A00000000000000AB /* ChatAPIClient.swift */; };
		AA10010B00000000000000AB /* NativeChatView.swift in Sources */ = {isa = PBXBuildFile; fileRef = AA10010C00000000000000AB /* NativeChatView.swift */; };
		AA10010D00000000000000AB /* APIEndpointForm.swift in Sources */ = {isa = PBXBuildFile; fileRef = AA10010E00000000000000AB /* APIEndpointForm.swift */; };
		AA10010F00000000000000AB /* PromptLibraryView.swift in Sources */ = {isa = PBXBuildFile; fileRef = AA10011000000000000000AB /* PromptLibraryView.swift */; };
		AA10020100000000000000AB /* AppPreferences.swift in Sources */ = {isa = PBXBuildFile; fileRef = AA10020200000000000000AB /* AppPreferences.swift */; };
		AA10020300000000000000AB /* OnboardingView.swift in Sources */ = {isa = PBXBuildFile; fileRef = AA10020400000000000000AB /* OnboardingView.swift */; };
		AA10030100000000000000AB /* UseCase.swift in Sources */ = {isa = PBXBuildFile; fileRef = AA10030200000000000000AB /* UseCase.swift */; };
		AA10030300000000000000AB /* MCPServer.swift in Sources */ = {isa = PBXBuildFile; fileRef = AA10030400000000000000AB /* MCPServer.swift */; };
		AA10030500000000000000AB /* MCPClient.swift in Sources */ = {isa = PBXBuildFile; fileRef = AA10030600000000000000AB /* MCPClient.swift */; };
		AA10030700000000000000AB /* MCPServersSettingsPane.swift in Sources */ = {isa = PBXBuildFile; fileRef = AA10030800000000000000AB /* MCPServersSettingsPane.swift */; };
		AA10030900000000000000AB /* MCPServerForm.swift in Sources */ = {isa = PBXBuildFile; fileRef = AA10030A00000000000000AB /* MCPServerForm.swift */; };
		AA10040100000000000000AB /* LicenseValidator.swift in Sources */ = {isa = PBXBuildFile; fileRef = AA10040200000000000000AB /* LicenseValidator.swift */; };
		AA10040300000000000000AB /* LicenseStore.swift in Sources */ = {isa = PBXBuildFile; fileRef = AA10040400000000000000AB /* LicenseStore.swift */; };
		AA10040500000000000000AB /* LicenseEntryView.swift in Sources */ = {isa = PBXBuildFile; fileRef = AA10040600000000000000AB /* LicenseEntryView.swift */; };
		AA10040700000000000000AB /* TrialBanner.swift in Sources */ = {isa = PBXBuildFile; fileRef = AA10040800000000000000AB /* TrialBanner.swift */; };
		AA10050100000000000000AB /* Localizable.xcstrings in Resources */ = {isa = PBXBuildFile; fileRef = AA10050200000000000000AB /* Localizable.xcstrings */; };
		AA10050700000000000000AB /* MarketingSeed.swift in Sources */ = {isa = PBXBuildFile; fileRef = AA10050800000000000000AB /* MarketingSeed.swift */; };
		DD1D9452E2D445D4CCF3D111 /* VersionComparator.swift in Sources */ = {isa = PBXBuildFile; fileRef = 2CE7B0DE15B82ACECDF5EB63 /* VersionComparator.swift */; };
/* End PBXBuildFile section */

/* Begin PBXFileReference section */
		2C0BA4D42BA6055E0050C66B /* main.swift */ = {isa = PBXFileReference; lastKnownFileType = sourcecode.swift; path = main.swift; sourceTree = "<group>"; };
		2C0BA4D62BA6055E0050C66B /* ContentView.swift */ = {isa = PBXFileReference; lastKnownFileType = sourcecode.swift; path = ContentView.swift; sourceTree = "<group>"; };
		2C0BA4DA2BA6055F0050C66B /* Assets.xcassets */ = {isa = PBXFileReference; lastKnownFileType = folder.assetcatalog; path = Assets.xcassets; sourceTree = "<group>"; };
		2C0BA4DD2BA6055F0050C66B /* Preview Assets.xcassets */ = {isa = PBXFileReference; lastKnownFileType = folder.assetcatalog; path = "Preview Assets.xcassets"; sourceTree = "<group>"; };
		2C0BA4EB2BA60E980050C66B /* AppDelegate.swift */ = {isa = PBXFileReference; lastKnownFileType = sourcecode.swift; path = AppDelegate.swift; sourceTree = "<group>"; };
		2C0BA4ED2BA60F690050C66B /* PromptBarPopup.swift */ = {isa = PBXFileReference; lastKnownFileType = sourcecode.swift; path = PromptBarPopup.swift; sourceTree = "<group>"; };
		2C1E816D2BA6751F0047A31C /* ObservableObject.swift */ = {isa = PBXFileReference; lastKnownFileType = sourcecode.swift; path = ObservableObject.swift; sourceTree = "<group>"; };
		2C98EFB02D312DDB00F6B4F5 /* Utilities.swift */ = {isa = PBXFileReference; lastKnownFileType = sourcecode.swift; path = Utilities.swift; sourceTree = "<group>"; };
		2C98EFB22D312DEF00F6B4F5 /* WebViewHelper.swift */ = {isa = PBXFileReference; lastKnownFileType = sourcecode.swift; path = WebViewHelper.swift; sourceTree = "<group>"; };
		2C98EFB42D312E0200F6B4F5 /* AboutView.swift */ = {isa = PBXFileReference; lastKnownFileType = sourcecode.swift; path = AboutView.swift; sourceTree = "<group>"; };
		2C9F85E92D831C7800CB74F4 /* PromptBar.entitlements */ = {isa = PBXFileReference; lastKnownFileType = text.plist.entitlements; path = PromptBar.entitlements; sourceTree = "<group>"; };
		2C9F85EA2D831CB800CB74F4 /* Info.plist */ = {isa = PBXFileReference; lastKnownFileType = text.plist.xml; path = Info.plist; sourceTree = "<group>"; };
		2C9F85EC2D8428B500CB74F4 /* PromptBar.app */ = {isa = PBXFileReference; explicitFileType = wrapper.application; includeInIndex = 0; path = PromptBar.app; sourceTree = BUILT_PRODUCTS_DIR; };
		2CE7B0DE15B82ACECDF5EB63 /* VersionComparator.swift */ = {isa = PBXFileReference; includeInIndex = 1; lastKnownFileType = sourcecode.swift; path = VersionComparator.swift; sourceTree = "<group>"; };
		AA10000200000000000000AB /* ChatService.swift */ = {isa = PBXFileReference; lastKnownFileType = sourcecode.swift; path = ChatService.swift; sourceTree = "<group>"; };
		AA10000400000000000000AB /* ChatStore.swift */ = {isa = PBXFileReference; lastKnownFileType = sourcecode.swift; path = ChatStore.swift; sourceTree = "<group>"; };
		AA10000600000000000000AB /* SettingsView.swift */ = {isa = PBXFileReference; lastKnownFileType = sourcecode.swift; path = SettingsView.swift; sourceTree = "<group>"; };
		AA10000800000000000000AB /* QuickAddView.swift */ = {isa = PBXFileReference; lastKnownFileType = sourcecode.swift; path = QuickAddView.swift; sourceTree = "<group>"; };
		AA10000A00000000000000AB /* GlassStyle.swift */ = {isa = PBXFileReference; lastKnownFileType = sourcecode.swift; path = GlassStyle.swift; sourceTree = "<group>"; };
		AA10000C00000000000000AB /* UpdateChecker.swift */ = {isa = PBXFileReference; lastKnownFileType = sourcecode.swift; path = UpdateChecker.swift; sourceTree = "<group>"; };
		AA10010200000000000000AB /* APIEndpoint.swift */ = {isa = PBXFileReference; lastKnownFileType = sourcecode.swift; path = APIEndpoint.swift; sourceTree = "<group>"; };
		AA10010400000000000000AB /* Conversation.swift */ = {isa = PBXFileReference; lastKnownFileType = sourcecode.swift; path = Conversation.swift; sourceTree = "<group>"; };
		AA10010600000000000000AB /* PromptItem.swift */ = {isa = PBXFileReference; lastKnownFileType = sourcecode.swift; path = PromptItem.swift; sourceTree = "<group>"; };
		AA10010800000000000000AB /* KeychainHelper.swift */ = {isa = PBXFileReference; lastKnownFileType = sourcecode.swift; path = KeychainHelper.swift; sourceTree = "<group>"; };
		AA10010A00000000000000AB /* ChatAPIClient.swift */ = {isa = PBXFileReference; lastKnownFileType = sourcecode.swift; path = ChatAPIClient.swift; sourceTree = "<group>"; };
		AA10010C00000000000000AB /* NativeChatView.swift */ = {isa = PBXFileReference; lastKnownFileType = sourcecode.swift; path = NativeChatView.swift; sourceTree = "<group>"; };
		AA10010E00000000000000AB /* APIEndpointForm.swift */ = {isa = PBXFileReference; lastKnownFileType = sourcecode.swift; path = APIEndpointForm.swift; sourceTree = "<group>"; };
		AA10011000000000000000AB /* PromptLibraryView.swift */ = {isa = PBXFileReference; lastKnownFileType = sourcecode.swift; path = PromptLibraryView.swift; sourceTree = "<group>"; };
		AA10020200000000000000AB /* AppPreferences.swift */ = {isa = PBXFileReference; lastKnownFileType = sourcecode.swift; path = AppPreferences.swift; sourceTree = "<group>"; };
		AA10020400000000000000AB /* OnboardingView.swift */ = {isa = PBXFileReference; lastKnownFileType = sourcecode.swift; path = OnboardingView.swift; sourceTree = "<group>"; };
		AA10030200000000000000AB /* UseCase.swift */ = {isa = PBXFileReference; lastKnownFileType = sourcecode.swift; path = UseCase.swift; sourceTree = "<group>"; };
		AA10030400000000000000AB /* MCPServer.swift */ = {isa = PBXFileReference; lastKnownFileType = sourcecode.swift; path = MCPServer.swift; sourceTree = "<group>"; };
		AA10030600000000000000AB /* MCPClient.swift */ = {isa = PBXFileReference; lastKnownFileType = sourcecode.swift; path = MCPClient.swift; sourceTree = "<group>"; };
		AA10030800000000000000AB /* MCPServersSettingsPane.swift */ = {isa = PBXFileReference; lastKnownFileType = sourcecode.swift; path = MCPServersSettingsPane.swift; sourceTree = "<group>"; };
		AA10030A00000000000000AB /* MCPServerForm.swift */ = {isa = PBXFileReference; lastKnownFileType = sourcecode.swift; path = MCPServerForm.swift; sourceTree = "<group>"; };
		AA10040200000000000000AB /* LicenseValidator.swift */ = {isa = PBXFileReference; lastKnownFileType = sourcecode.swift; path = LicenseValidator.swift; sourceTree = "<group>"; };
		AA10040400000000000000AB /* LicenseStore.swift */ = {isa = PBXFileReference; lastKnownFileType = sourcecode.swift; path = LicenseStore.swift; sourceTree = "<group>"; };
		AA10040600000000000000AB /* LicenseEntryView.swift */ = {isa = PBXFileReference; lastKnownFileType = sourcecode.swift; path = LicenseEntryView.swift; sourceTree = "<group>"; };
		AA10040800000000000000AB /* TrialBanner.swift */ = {isa = PBXFileReference; lastKnownFileType = sourcecode.swift; path = TrialBanner.swift; sourceTree = "<group>"; };
		AA10050200000000000000AB /* Localizable.xcstrings */ = {isa = PBXFileReference; lastKnownFileType = text.json.xcstrings; path = Localizable.xcstrings; sourceTree = "<group>"; };
		AA10050800000000000000AB /* MarketingSeed.swift */ = {isa = PBXFileReference; lastKnownFileType = sourcecode.swift; path = MarketingSeed.swift; sourceTree = "<group>"; };
		CC65A2DC79ACCAF7B8291369 /* VersionComparatorTests.swift */ = {isa = PBXFileReference; includeInIndex = 1; lastKnownFileType = sourcecode.swift; path = VersionComparatorTests.swift; sourceTree = "<group>"; };
		FCC65FD1258946C22ABCA7F0 /* PromptBarTests.xctest */ = {isa = PBXFileReference; explicitFileType = wrapper.cfbundle; includeInIndex = 0; path = PromptBarTests.xctest; sourceTree = BUILT_PRODUCTS_DIR; };
/* End PBXFileReference section */

/* Begin PBXFrameworksBuildPhase section */
		25ECF4D0807BCD81208650AD /* Frameworks */ = {
			isa = PBXFrameworksBuildPhase;
			buildActionMask = 2147483647;
			files = (
			);
			runOnlyForDeploymentPostprocessing = 0;
		};
		2C0BA4CE2BA6055E0050C66B /* Frameworks */ = {
			isa = PBXFrameworksBuildPhase;
			buildActionMask = 2147483647;
			files = (
				AA00000300000000000000AB /* HotKey in Frameworks */,
			);
			runOnlyForDeploymentPostprocessing = 0;
		};
/* End PBXFrameworksBuildPhase section */

/* Begin PBXGroup section */
		2C0BA4C82BA6055E0050C66B = {
			isa = PBXGroup;
			children = (
				2C0BA4D32BA6055E0050C66B /* PromptBar */,
				2C9F85EC2D8428B500CB74F4 /* PromptBar.app */,
				FCC65FD1258946C22ABCA7F0 /* PromptBarTests.xctest */,
				49219E16E5A5EAB7A4DC58FD /* PromptBarTests */,
			);
			sourceTree = "<group>";
		};
		2C0BA4D32BA6055E0050C66B /* PromptBar */ = {
			isa = PBXGroup;
			children = (
				2C98EFA32D312B6A00F6B4F5 /* App */,
				AA10001000000000000000AB /* Models */,
				2C98EFA52D312B9700F6B4F5 /* Views */,
				2C98EFB72D312E5500F6B4F5 /* Helpers */,
				2C0BA4DA2BA6055F0050C66B /* Assets.xcassets */,
				2C0BA4DC2BA6055F0050C66B /* Preview Content */,
				AA10050200000000000000AB /* Localizable.xcstrings */,
			);
			path = PromptBar;
			sourceTree = "<group>";
		};
		2C0BA4DC2BA6055F0050C66B /* Preview Content */ = {
			isa = PBXGroup;
			children = (
				2C0BA4DD2BA6055F0050C66B /* Preview Assets.xcassets */,
			);
			path = "Preview Content";
			sourceTree = "<group>";
		};
		2C98EFA32D312B6A00F6B4F5 /* App */ = {
			isa = PBXGroup;
			children = (
				2C0BA4D42BA6055E0050C66B /* main.swift */,
				2C0BA4EB2BA60E980050C66B /* AppDelegate.swift */,
				2C9F85EA2D831CB800CB74F4 /* Info.plist */,
				2C9F85E92D831C7800CB74F4 /* PromptBar.entitlements */,
			);
			path = App;
			sourceTree = "<group>";
		};
		2C98EFA52D312B9700F6B4F5 /* Views */ = {
			isa = PBXGroup;
			children = (
				2C98EFB42D312E0200F6B4F5 /* AboutView.swift */,
				2C0BA4ED2BA60F690050C66B /* PromptBarPopup.swift */,
				2C0BA4D62BA6055E0050C66B /* ContentView.swift */,
				AA10000600000000000000AB /* SettingsView.swift */,
				AA10000800000000000000AB /* QuickAddView.swift */,
				AA10010C00000000000000AB /* NativeChatView.swift */,
				AA10010E00000000000000AB /* APIEndpointForm.swift */,
				AA10011000000000000000AB /* PromptLibraryView.swift */,
				AA10020400000000000000AB /* OnboardingView.swift */,
				AA10030800000000000000AB /* MCPServersSettingsPane.swift */,
				AA10030A00000000000000AB /* MCPServerForm.swift */,
				AA10040600000000000000AB /* LicenseEntryView.swift */,
				AA10040800000000000000AB /* TrialBanner.swift */,
			);
			path = Views;
			sourceTree = "<group>";
		};
		2C98EFB72D312E5500F6B4F5 /* Helpers */ = {
			isa = PBXGroup;
			children = (
				2C98EFB02D312DDB00F6B4F5 /* Utilities.swift */,
				2C1E816D2BA6751F0047A31C /* ObservableObject.swift */,
				2C98EFB22D312DEF00F6B4F5 /* WebViewHelper.swift */,
				2CE7B0DE15B82ACECDF5EB63 /* VersionComparator.swift */,
				AA10000A00000000000000AB /* GlassStyle.swift */,
				AA10000C00000000000000AB /* UpdateChecker.swift */,
				AA10010800000000000000AB /* KeychainHelper.swift */,
				AA10010A00000000000000AB /* ChatAPIClient.swift */,
				AA10030600000000000000AB /* MCPClient.swift */,
				AA10040200000000000000AB /* LicenseValidator.swift */,
			);
			path = Helpers;
			sourceTree = "<group>";
		};
		49219E16E5A5EAB7A4DC58FD /* PromptBarTests */ = {
			isa = PBXGroup;
			children = (
				CC65A2DC79ACCAF7B8291369 /* VersionComparatorTests.swift */,
			);
			path = PromptBarTests;
			sourceTree = "<group>";
		};
		AA10001000000000000000AB /* Models */ = {
			isa = PBXGroup;
			children = (
				AA10000200000000000000AB /* ChatService.swift */,
				AA10000400000000000000AB /* ChatStore.swift */,
				AA10010200000000000000AB /* APIEndpoint.swift */,
				AA10010400000000000000AB /* Conversation.swift */,
				AA10010600000000000000AB /* PromptItem.swift */,
				AA10020200000000000000AB /* AppPreferences.swift */,
				AA10030200000000000000AB /* UseCase.swift */,
				AA10030400000000000000AB /* MCPServer.swift */,
				AA10040400000000000000AB /* LicenseStore.swift */,
				AA10050800000000000000AB /* MarketingSeed.swift */,
			);
			path = Models;
			sourceTree = "<group>";
		};
/* End PBXGroup section */

/* Begin PBXNativeTarget section */
		19A7DEA390D5D8467B95B174 /* PromptBarTests */ = {
			isa = PBXNativeTarget;
			buildConfigurationList = EBEA660FDC6A1430F62AEB1F /* Build configuration list for PBXNativeTarget "PromptBarTests" */;
			buildPhases = (
				D4DED88584B5050E508320E7 /* Sources */,
				25ECF4D0807BCD81208650AD /* Frameworks */,
				A041F5A425E0D3B8505DE716 /* Resources */,
			);
			buildRules = (
			);
			dependencies = (
			);
			name = PromptBarTests;
			productName = PromptBarTests;
			productReference = FCC65FD1258946C22ABCA7F0 /* PromptBarTests.xctest */;
			productType = "com.apple.product-type.bundle.unit-test";
		};
		2C0BA4D02BA6055E0050C66B /* PromptBar */ = {
			isa = PBXNativeTarget;
			buildConfigurationList = 2C0BA4E22BA6055F0050C66B /* Build configuration list for PBXNativeTarget "PromptBar" */;
			buildPhases = (
				2C0BA4CD2BA6055E0050C66B /* Sources */,
				2C0BA4CE2BA6055E0050C66B /* Frameworks */,
				2C0BA4CF2BA6055E0050C66B /* Resources */,
			);
			buildRules = (
			);
			dependencies = (
			);
			name = PromptBar;
			packageProductDependencies = (
				AA00002200000000000000AB /* HotKey */,
			);
			productName = PromptBar;
			productReference = 2C9F85EC2D8428B500CB74F4 /* PromptBar.app */;
			productType = "com.apple.product-type.application";
		};
/* End PBXNativeTarget section */

/* Begin PBXProject section */
		2C0BA4C92BA6055E0050C66B /* Project object */ = {
			isa = PBXProject;
			attributes = {
				BuildIndependentTargetsInParallel = 1;
				LastSwiftUpdateCheck = 1530;
				LastUpgradeCheck = 1530;
				TargetAttributes = {
					2C0BA4D02BA6055E0050C66B = {
						CreatedOnToolsVersion = 15.3;
					};
				};
			};
			buildConfigurationList = 2C0BA4CC2BA6055E0050C66B /* Build configuration list for PBXProject "PromptBar" */;
			compatibilityVersion = "Xcode 14.0";
			developmentRegion = en;
			hasScannedForEncodings = 0;
			knownRegions = (
				en,
				el,
				fr,
				sq,
				Base,
			);
			mainGroup = 2C0BA4C82BA6055E0050C66B;
			packageReferences = (
				AA00001100000000000000AB /* XCRemoteSwiftPackageReference "HotKey" */,
			);
			productRefGroup = 2C0BA4C82BA6055E0050C66B;
			projectDirPath = "";
			projectRoot = "";
			targets = (
				2C0BA4D02BA6055E0050C66B /* PromptBar */,
				19A7DEA390D5D8467B95B174 /* PromptBarTests */,
			);
		};
/* End PBXProject section */

/* Begin PBXResourcesBuildPhase section */
		2C0BA4CF2BA6055E0050C66B /* Resources */ = {
			isa = PBXResourcesBuildPhase;
			buildActionMask = 2147483647;
			files = (
				2C0BA4DE2BA6055F0050C66B /* Preview Assets.xcassets in Resources */,
				2C0BA4DB2BA6055F0050C66B /* Assets.xcassets in Resources */,
				AA10050100000000000000AB /* Localizable.xcstrings in Resources */,
			);
			runOnlyForDeploymentPostprocessing = 0;
		};
		A041F5A425E0D3B8505DE716 /* Resources */ = {
			isa = PBXResourcesBuildPhase;
			buildActionMask = 2147483647;
			files = (
			);
			runOnlyForDeploymentPostprocessing = 0;
		};
/* End PBXResourcesBuildPhase section */

/* Begin PBXSourcesBuildPhase section */
		2C0BA4CD2BA6055E0050C66B /* Sources */ = {
			isa = PBXSourcesBuildPhase;
			buildActionMask = 2147483647;
			files = (
				2C1E816E2BA6751F0047A31C /* ObservableObject.swift in Sources */,
				2C0BA4EC2BA60E980050C66B /* AppDelegate.swift in Sources */,
				2C0BA4EE2BA60F690050C66B /* PromptBarPopup.swift in Sources */,
				2C98EFB52D312E0500F6B4F5 /* AboutView.swift in Sources */,
				2C0BA4D72BA6055E0050C66B /* ContentView.swift in Sources */,
				2C0BA4D52BA6055E0050C66B /* main.swift in Sources */,
				2C98EFB32D312DF300F6B4F5 /* WebViewHelper.swift in Sources */,
				2C98EFB12D312DDF00F6B4F5 /* Utilities.swift in Sources */,
				2AF8700C3BFA4E4F56762B45 /* VersionComparator.swift in Sources */,
				AA10000100000000000000AB /* ChatService.swift in Sources */,
				AA10000300000000000000AB /* ChatStore.swift in Sources */,
				AA10000500000000000000AB /* SettingsView.swift in Sources */,
				AA10000700000000000000AB /* QuickAddView.swift in Sources */,
				AA10000900000000000000AB /* GlassStyle.swift in Sources */,
				AA10000B00000000000000AB /* UpdateChecker.swift in Sources */,
				AA10010100000000000000AB /* APIEndpoint.swift in Sources */,
				AA10010300000000000000AB /* Conversation.swift in Sources */,
				AA10010500000000000000AB /* PromptItem.swift in Sources */,
				AA10010700000000000000AB /* KeychainHelper.swift in Sources */,
				AA10010900000000000000AB /* ChatAPIClient.swift in Sources */,
				AA10010B00000000000000AB /* NativeChatView.swift in Sources */,
				AA10010D00000000000000AB /* APIEndpointForm.swift in Sources */,
				AA10010F00000000000000AB /* PromptLibraryView.swift in Sources */,
				AA10020100000000000000AB /* AppPreferences.swift in Sources */,
				AA10020300000000000000AB /* OnboardingView.swift in Sources */,
				AA10030100000000000000AB /* UseCase.swift in Sources */,
				AA10030300000000000000AB /* MCPServer.swift in Sources */,
				AA10030500000000000000AB /* MCPClient.swift in Sources */,
				AA10030700000000000000AB /* MCPServersSettingsPane.swift in Sources */,
				AA10030900000000000000AB /* MCPServerForm.swift in Sources */,
				AA10040100000000000000AB /* LicenseValidator.swift in Sources */,
				AA10040300000000000000AB /* LicenseStore.swift in Sources */,
				AA10040500000000000000AB /* LicenseEntryView.swift in Sources */,
				AA10040700000000000000AB /* TrialBanner.swift in Sources */,
				AA10050700000000000000AB /* MarketingSeed.swift in Sources */,
			);
			runOnlyForDeploymentPostprocessing = 0;
		};
		D4DED88584B5050E508320E7 /* Sources */ = {
			isa = PBXSourcesBuildPhase;
			buildActionMask = 2147483647;
			files = (
				7B079DCB74527762365792BE /* VersionComparatorTests.swift in Sources */,
				DD1D9452E2D445D4CCF3D111 /* VersionComparator.swift in Sources */,
			);
			runOnlyForDeploymentPostprocessing = 0;
		};
/* End PBXSourcesBuildPhase section */

/* Begin XCBuildConfiguration section */
		2C0BA4E02BA6055F0050C66B /* Debug */ = {
			isa = XCBuildConfiguration;
			buildSettings = {
				ALWAYS_SEARCH_USER_PATHS = NO;
				ASSETCATALOG_COMPILER_GENERATE_SWIFT_ASSET_SYMBOL_EXTENSIONS = YES;
				CLANG_ANALYZER_NONNULL = YES;
				CLANG_ANALYZER_NUMBER_OBJECT_CONVERSION = YES_AGGRESSIVE;
				CLANG_CXX_LANGUAGE_STANDARD = "gnu++20";
				CLANG_ENABLE_MODULES = YES;
				CLANG_ENABLE_OBJC_ARC = YES;
				CLANG_ENABLE_OBJC_WEAK = YES;
				CLANG_WARN_BLOCK_CAPTURE_AUTORELEASING = YES;
				CLANG_WARN_BOOL_CONVERSION = YES;
				CLANG_WARN_COMMA = YES;
				CLANG_WARN_CONSTANT_CONVERSION = YES;
				CLANG_WARN_DEPRECATED_OBJC_IMPLEMENTATIONS = YES;
				CLANG_WARN_DIRECT_OBJC_ISA_USAGE = YES_ERROR;
				CLANG_WARN_DOCUMENTATION_COMMENTS = YES;
				CLANG_WARN_EMPTY_BODY = YES;
				CLANG_WARN_ENUM_CONVERSION = YES;
				CLANG_WARN_INFINITE_RECURSION = YES;
				CLANG_WARN_INT_CONVERSION = YES;
				CLANG_WARN_NON_LITERAL_NULL_CONVERSION = YES;
				CLANG_WARN_OBJC_IMPLICIT_RETAIN_SELF = YES;
				CLANG_WARN_OBJC_LITERAL_CONVERSION = YES;
				CLANG_WARN_OBJC_ROOT_CLASS = YES_ERROR;
				CLANG_WARN_QUOTED_INCLUDE_IN_FRAMEWORK_HEADER = YES;
				CLANG_WARN_RANGE_LOOP_ANALYSIS = YES;
				CLANG_WARN_STRICT_PROTOTYPES = YES;
				CLANG_WARN_SUSPICIOUS_MOVE = YES;
				CLANG_WARN_UNGUARDED_AVAILABILITY = YES_AGGRESSIVE;
				CLANG_WARN_UNREACHABLE_CODE = YES;
				CLANG_WARN__DUPLICATE_METHOD_MATCH = YES;
				COPY_PHASE_STRIP = NO;
				DEBUG_INFORMATION_FORMAT = dwarf;
				ENABLE_STRICT_OBJC_MSGSEND = YES;
				ENABLE_TESTABILITY = YES;
				ENABLE_USER_SCRIPT_SANDBOXING = NO;
				GCC_C_LANGUAGE_STANDARD = gnu17;
				GCC_DYNAMIC_NO_PIC = NO;
				GCC_NO_COMMON_BLOCKS = YES;
				GCC_OPTIMIZATION_LEVEL = 0;
				GCC_PREPROCESSOR_DEFINITIONS = (
					"DEBUG=1",
					"$(inherited)",
				);
				GCC_WARN_64_TO_32_BIT_CONVERSION = YES;
				GCC_WARN_ABOUT_RETURN_TYPE = YES_ERROR;
				GCC_WARN_UNDECLARED_SELECTOR = YES;
				GCC_WARN_UNINITIALIZED_AUTOS = YES_AGGRESSIVE;
				GCC_WARN_UNUSED_FUNCTION = YES;
				GCC_WARN_UNUSED_VARIABLE = YES;
				LOCALIZATION_PREFERS_STRING_CATALOGS = YES;
				MACOSX_DEPLOYMENT_TARGET = 26.0;
				MTL_ENABLE_DEBUG_INFO = INCLUDE_SOURCE;
				MTL_FAST_MATH = YES;
				ONLY_ACTIVE_ARCH = YES;
				SDKROOT = macosx;
				SWIFT_ACTIVE_COMPILATION_CONDITIONS = "DEBUG $(inherited)";
				SWIFT_OPTIMIZATION_LEVEL = "-Onone";
			};
			name = Debug;
		};
		2C0BA4E12BA6055F0050C66B /* Release */ = {
			isa = XCBuildConfiguration;
			buildSettings = {
				ALWAYS_SEARCH_USER_PATHS = NO;
				ASSETCATALOG_COMPILER_GENERATE_SWIFT_ASSET_SYMBOL_EXTENSIONS = YES;
				CLANG_ANALYZER_NONNULL = YES;
				CLANG_ANALYZER_NUMBER_OBJECT_CONVERSION = YES_AGGRESSIVE;
				CLANG_CXX_LANGUAGE_STANDARD = "gnu++20";
				CLANG_ENABLE_MODULES = YES;
				CLANG_ENABLE_OBJC_ARC = YES;
				CLANG_ENABLE_OBJC_WEAK = YES;
				CLANG_WARN_BLOCK_CAPTURE_AUTORELEASING = YES;
				CLANG_WARN_BOOL_CONVERSION = YES;
				CLANG_WARN_COMMA = YES;
				CLANG_WARN_CONSTANT_CONVERSION = YES;
				CLANG_WARN_DEPRECATED_OBJC_IMPLEMENTATIONS = YES;
				CLANG_WARN_DIRECT_OBJC_ISA_USAGE = YES_ERROR;
				CLANG_WARN_DOCUMENTATION_COMMENTS = YES;
				CLANG_WARN_EMPTY_BODY = YES;
				CLANG_WARN_ENUM_CONVERSION = YES;
				CLANG_WARN_INFINITE_RECURSION = YES;
				CLANG_WARN_INT_CONVERSION = YES;
				CLANG_WARN_NON_LITERAL_NULL_CONVERSION = YES;
				CLANG_WARN_OBJC_IMPLICIT_RETAIN_SELF = YES;
				CLANG_WARN_OBJC_LITERAL_CONVERSION = YES;
				CLANG_WARN_OBJC_ROOT_CLASS = YES_ERROR;
				CLANG_WARN_QUOTED_INCLUDE_IN_FRAMEWORK_HEADER = YES;
				CLANG_WARN_RANGE_LOOP_ANALYSIS = YES;
				CLANG_WARN_STRICT_PROTOTYPES = YES;
				CLANG_WARN_SUSPICIOUS_MOVE = YES;
				CLANG_WARN_UNGUARDED_AVAILABILITY = YES_AGGRESSIVE;
				CLANG_WARN_UNREACHABLE_CODE = YES;
				CLANG_WARN__DUPLICATE_METHOD_MATCH = YES;
				COPY_PHASE_STRIP = NO;
				DEBUG_INFORMATION_FORMAT = "dwarf-with-dsym";
				ENABLE_NS_ASSERTIONS = NO;
				ENABLE_STRICT_OBJC_MSGSEND = YES;
				ENABLE_USER_SCRIPT_SANDBOXING = NO;
				GCC_C_LANGUAGE_STANDARD = gnu17;
				GCC_NO_COMMON_BLOCKS = YES;
				GCC_WARN_64_TO_32_BIT_CONVERSION = YES;
				GCC_WARN_ABOUT_RETURN_TYPE = YES_ERROR;
				GCC_WARN_UNDECLARED_SELECTOR = YES;
				GCC_WARN_UNINITIALIZED_AUTOS = YES_AGGRESSIVE;
				GCC_WARN_UNUSED_FUNCTION = YES;
				GCC_WARN_UNUSED_VARIABLE = YES;
				LOCALIZATION_PREFERS_STRING_CATALOGS = YES;
				MACOSX_DEPLOYMENT_TARGET = 26.0;
				MTL_ENABLE_DEBUG_INFO = NO;
				MTL_FAST_MATH = YES;
				SDKROOT = macosx;
				SWIFT_COMPILATION_MODE = wholemodule;
			};
			name = Release;
		};
		2C0BA4E32BA6055F0050C66B /* Debug */ = {
			isa = XCBuildConfiguration;
			buildSettings = {
				ASSETCATALOG_COMPILER_APPICON_NAME = AppIcon;
				ASSETCATALOG_COMPILER_GLOBAL_ACCENT_COLOR_NAME = AccentColor;
				ASSETCATALOG_COMPILER_INCLUDE_ALL_APPICON_ASSETS = NO;
				CODE_SIGN_ENTITLEMENTS = PromptBar/App/PromptBar.entitlements;
				CODE_SIGN_IDENTITY = "Apple Development";
				"CODE_SIGN_IDENTITY[sdk=macosx*]" = "Apple Development";
				CODE_SIGN_STYLE = Automatic;
				COMBINE_HIDPI_IMAGES = YES;
				CURRENT_PROJECT_VERSION = 3;
				DEVELOPMENT_ASSET_PATHS = "PromptBar/Preview\\ Content";
				DEVELOPMENT_TEAM = YTS4KJBX3P;
				ENABLE_HARDENED_RUNTIME = YES;
				ENABLE_PREVIEWS = YES;
				GENERATE_INFOPLIST_FILE = YES;
				INFOPLIST_FILE = PromptBar/App/Info.plist;
				INFOPLIST_KEY_CFBundleDisplayName = PromptBar;
				INFOPLIST_KEY_LSApplicationCategoryType = "public.app-category.developer-tools";
				INFOPLIST_KEY_LSUIElement = YES;
				INFOPLIST_KEY_NSHumanReadableCopyright = "";
				LD_RUNPATH_SEARCH_PATHS = (
					"$(inherited)",
					"@executable_path/../Frameworks",
				);
				MACOSX_DEPLOYMENT_TARGET = 26.0;
				MARKETING_VERSION = 2.0.0;
				PRODUCT_BUNDLE_IDENTIFIER = peterdsp.app.PromptBar;
				PRODUCT_NAME = "$(TARGET_NAME)";
				PROVISIONING_PROFILE_SPECIFIER = "";
				SWIFT_EMIT_LOC_STRINGS = YES;
				SWIFT_VERSION = 5.0;
			};
			name = Debug;
		};
		2C0BA4E42BA6055F0050C66B /* Release */ = {
			isa = XCBuildConfiguration;
			buildSettings = {
				ASSETCATALOG_COMPILER_APPICON_NAME = AppIcon;
				ASSETCATALOG_COMPILER_GLOBAL_ACCENT_COLOR_NAME = AccentColor;
				ASSETCATALOG_COMPILER_INCLUDE_ALL_APPICON_ASSETS = NO;
				CODE_SIGN_ENTITLEMENTS = PromptBar/App/PromptBar.entitlements;
				CODE_SIGN_IDENTITY = "Apple Development";
				"CODE_SIGN_IDENTITY[sdk=macosx*]" = "Apple Development";
				CODE_SIGN_STYLE = Automatic;
				COMBINE_HIDPI_IMAGES = YES;
				CURRENT_PROJECT_VERSION = 3;
				DEVELOPMENT_ASSET_PATHS = "PromptBar/Preview\\ Content";
				DEVELOPMENT_TEAM = YTS4KJBX3P;
				ENABLE_HARDENED_RUNTIME = YES;
				ENABLE_PREVIEWS = YES;
				GENERATE_INFOPLIST_FILE = YES;
				INFOPLIST_FILE = PromptBar/App/Info.plist;
				INFOPLIST_KEY_CFBundleDisplayName = PromptBar;
				INFOPLIST_KEY_LSApplicationCategoryType = "public.app-category.developer-tools";
				INFOPLIST_KEY_LSUIElement = YES;
				INFOPLIST_KEY_NSHumanReadableCopyright = "";
				LD_RUNPATH_SEARCH_PATHS = (
					"$(inherited)",
					"@executable_path/../Frameworks",
				);
				MACOSX_DEPLOYMENT_TARGET = 26.0;
				MARKETING_VERSION = 2.0.0;
				PRODUCT_BUNDLE_IDENTIFIER = peterdsp.app.PromptBar;
				PRODUCT_NAME = "$(TARGET_NAME)";
				PROVISIONING_PROFILE_SPECIFIER = "";
				SWIFT_EMIT_LOC_STRINGS = YES;
				SWIFT_VERSION = 5.0;
			};
			name = Release;
		};
		70EAB0274AB73164E55B0955 /* Release */ = {
			isa = XCBuildConfiguration;
			buildSettings = {
				COMBINE_HIDPI_IMAGES = YES;
				GENERATE_INFOPLIST_FILE = YES;
				LD_RUNPATH_SEARCH_PATHS = (
					"$(inherited)",
					"@executable_path/../Frameworks",
					"@loader_path/../Frameworks",
				);
				MACOSX_DEPLOYMENT_TARGET = 26.0;
				PRODUCT_BUNDLE_IDENTIFIER = peterdsp.app.PromptBarTests;
				PRODUCT_NAME = "$(TARGET_NAME)";
				SDKROOT = macosx;
				SWIFT_VERSION = 5.0;
			};
			name = Release;
		};
		A235B097AC9AD2BD6759C3A9 /* Debug */ = {
			isa = XCBuildConfiguration;
			buildSettings = {
				COMBINE_HIDPI_IMAGES = YES;
				GENERATE_INFOPLIST_FILE = YES;
				LD_RUNPATH_SEARCH_PATHS = (
					"$(inherited)",
					"@executable_path/../Frameworks",
					"@loader_path/../Frameworks",
				);
				MACOSX_DEPLOYMENT_TARGET = 26.0;
				PRODUCT_BUNDLE_IDENTIFIER = peterdsp.app.PromptBarTests;
				PRODUCT_NAME = "$(TARGET_NAME)";
				SDKROOT = macosx;
				SWIFT_VERSION = 5.0;
			};
			name = Debug;
		};
/* End XCBuildConfiguration section */

/* Begin XCConfigurationList section */
		2C0BA4CC2BA6055E0050C66B /* Build configuration list for PBXProject "PromptBar" */ = {
			isa = XCConfigurationList;
			buildConfigurations = (
				2C0BA4E02BA6055F0050C66B /* Debug */,
				2C0BA4E12BA6055F0050C66B /* Release */,
			);
			defaultConfigurationIsVisible = 0;
			defaultConfigurationName = Release;
		};
		2C0BA4E22BA6055F0050C66B /* Build configuration list for PBXNativeTarget "PromptBar" */ = {
			isa = XCConfigurationList;
			buildConfigurations = (
				2C0BA4E32BA6055F0050C66B /* Debug */,
				2C0BA4E42BA6055F0050C66B /* Release */,
			);
			defaultConfigurationIsVisible = 0;
			defaultConfigurationName = Release;
		};
		EBEA660FDC6A1430F62AEB1F /* Build configuration list for PBXNativeTarget "PromptBarTests" */ = {
			isa = XCConfigurationList;
			buildConfigurations = (
				70EAB0274AB73164E55B0955 /* Release */,
				A235B097AC9AD2BD6759C3A9 /* Debug */,
			);
			defaultConfigurationIsVisible = 0;
			defaultConfigurationName = Release;
		};
/* End XCConfigurationList section */

/* Begin XCRemoteSwiftPackageReference section */
		AA00001100000000000000AB /* XCRemoteSwiftPackageReference "HotKey" */ = {
			isa = XCRemoteSwiftPackageReference;
			repositoryURL = "https://github.com/soffes/HotKey";
			requirement = {
				kind = upToNextMajorVersion;
				minimumVersion = 0.2.0;
			};
		};
/* End XCRemoteSwiftPackageReference section */

/* Begin XCSwiftPackageProductDependency section */
		AA00002200000000000000AB /* HotKey */ = {
			isa = XCSwiftPackageProductDependency;
			package = AA00001100000000000000AB /* XCRemoteSwiftPackageReference "HotKey" */;
			productName = HotKey;
		};
/* End XCSwiftPackageProductDependency section */
	};
	rootObject = 2C0BA4C92BA6055E0050C66B /* Project object */;
}
